{
  "pins" : [
    {
      "identity" : "controlkitbase",
      "kind" : "remoteSourceControl",
      "location" : "https://github.com/ControlKit/ControlKitBase.git",
      "state" : {
        "branch" : "main",
        "revision" : "58076b629371b4b5996a6dfe06d8d0f17228a298"
      }
    }
  ],
  "version" : 2
}
